
Microsoft Visual Studio Solution File, Format Version 12.00
# Visual Studio 2013
VisualStudioVersion = 12.0.31101.0
MinimumVisualStudioVersion = 10.0.40219.1
Project("{2150E333-8FDC-42A3-9474-1A3956D46DE8}") = "01 - APRESENTACAO", "01 - APRESENTACAO", "{AF32247F-19CD-4C6B-87DA-0CBD6818A2DC}"
EndProject
Project("{2150E333-8FDC-42A3-9474-1A3956D46DE8}") = "02 - APLICACAO", "02 - APLICACAO", "{E3BF3F0C-5147-46F9-A561-67D16627A9CD}"
EndProject
Project("{2150E333-8FDC-42A3-9474-1A3956D46DE8}") = "03 - DOMINIO", "03 - DOMINIO", "{5048F498-9713-4B2C-9EA8-7041AA9E2274}"
EndProject
Project("{2150E333-8FDC-42A3-9474-1A3956D46DE8}") = "04 - INFRAESTRUTURA", "04 - INFRAESTRUTURA", "{41354B8D-5E13-42A2-9F7F-AFDF3D078057}"
EndProject
Project("{2150E333-8FDC-42A3-9474-1A3956D46DE8}") = "HORIZONTAL", "HORIZONTAL", "{A976A2DA-C1B7-4AAD-8EDE-D629514FDA45}"
EndProject
Project("{2150E333-8FDC-42A3-9474-1A3956D46DE8}") = "TRANSVERSAL", "TRANSVERSAL", "{3D3DB18B-63FB-4420-B37F-506BF1AE86C3}"
EndProject
Project("{FAE04EC0-301F-11D3-BF4B-00C04F79EFBC}") = "B2WTI.PCFTI.INFRAESTRUTURA.TRANSVERSAL", "INFRAESTRUTURA\TRANSVERSAL\B2WTI.PCFTI.INFRAESTRUTURA.TRANSVERSAL\B2WTI.PCFTI.INFRAESTRUTURA.TRANSVERSAL.csproj", "{65787B7A-42B7-461B-9DCF-BD4CE8D842FB}"
EndProject
Project("{2150E333-8FDC-42A3-9474-1A3956D46DE8}") = "00 - TESTES", "00 - TESTES", "{9E376972-81F2-4C50-8EF0-ED7730D2D96A}"
EndProject
Project("{FAE04EC0-301F-11D3-BF4B-00C04F79EFBC}") = "B2WTI.PCFTI.INFRAESTRUTURA.TRANSVERSAL.DTO", "INFRAESTRUTURA\TRANSVERSAL\B2WTI.PCFTI.INFRAESTRUTURA.TRANSVERSAL.DTO\B2WTI.PCFTI.INFRAESTRUTURA.TRANSVERSAL.DTO.csproj", "{27CF782C-4178-44B6-9D97-3F87D146C045}"
EndProject
Project("{FAE04EC0-301F-11D3-BF4B-00C04F79EFBC}") = "B2WTI.PCFTI.INFRAESTRUTURA.HORIZONTAL", "INFRAESTRUTURA\HORIZONTAL\B2WTI.PCFTI.INFRAESTRUTURA.HORIZONTAL\B2WTI.PCFTI.INFRAESTRUTURA.HORIZONTAL.csproj", "{021A5DAB-49D9-4CFC-9251-FF750432FB21}"
EndProject
Project("{FAE04EC0-301F-11D3-BF4B-00C04F79EFBC}") = "B2WTI.PCFTI.INFRAESTRUTURA.HORIZONTAL.EXTERNO", "INFRAESTRUTURA\HORIZONTAL\B2WTI.PCFTI.INFRAESTRUTURA.HORIZONTAL.EXTERNO\B2WTI.PCFTI.INFRAESTRUTURA.HORIZONTAL.EXTERNO.csproj", "{06E816C8-6372-487C-BED1-B62E29AF9BA8}"
EndProject
Project("{FAE04EC0-301F-11D3-BF4B-00C04F79EFBC}") = "B2WTI.PCFTI.DOMINIO", "DOMINIO\B2WTI.PCFTI.DOMINIO\B2WTI.PCFTI.DOMINIO.csproj", "{30B6FC63-33B2-48A3-ACF7-2B09CAFBD247}"
EndProject
Project("{2150E333-8FDC-42A3-9474-1A3956D46DE8}") = "SERVICO", "SERVICO", "{9513D367-5437-4DA5-9A88-CAE5FECF3E73}"
EndProject
Project("{FAE04EC0-301F-11D3-BF4B-00C04F79EFBC}") = "B2WTI.PCFTI.APLICACAO", "APLICACAO\B2WTI.PCFTI.APLICACAO\B2WTI.PCFTI.APLICACAO.csproj", "{E6A18487-515F-4530-81EF-9FD89B43AACF}"
EndProject
Project("{FAE04EC0-301F-11D3-BF4B-00C04F79EFBC}") = "B2WTI.PCFTI.APLICACAO.SERVICO", "APLICACAO\SERVICO\B2WTI.PCFTI.APLICACAO.SERVICO\B2WTI.PCFTI.APLICACAO.SERVICO.csproj", "{581CB733-5D0A-4017-81CA-D0963349DEEF}"
EndProject
Global
	GlobalSection(SolutionConfigurationPlatforms) = preSolution
		Debug|Any CPU = Debug|Any CPU
		Release|Any CPU = Release|Any CPU
	EndGlobalSection
	GlobalSection(ProjectConfigurationPlatforms) = postSolution
		{65787B7A-42B7-461B-9DCF-BD4CE8D842FB}.Debug|Any CPU.ActiveCfg = Debug|Any CPU
		{65787B7A-42B7-461B-9DCF-BD4CE8D842FB}.Debug|Any CPU.Build.0 = Debug|Any CPU
		{65787B7A-42B7-461B-9DCF-BD4CE8D842FB}.Release|Any CPU.ActiveCfg = Release|Any CPU
		{65787B7A-42B7-461B-9DCF-BD4CE8D842FB}.Release|Any CPU.Build.0 = Release|Any CPU
		{27CF782C-4178-44B6-9D97-3F87D146C045}.Debug|Any CPU.ActiveCfg = Debug|Any CPU
		{27CF782C-4178-44B6-9D97-3F87D146C045}.Debug|Any CPU.Build.0 = Debug|Any CPU
		{27CF782C-4178-44B6-9D97-3F87D146C045}.Release|Any CPU.ActiveCfg = Release|Any CPU
		{27CF782C-4178-44B6-9D97-3F87D146C045}.Release|Any CPU.Build.0 = Release|Any CPU
		{021A5DAB-49D9-4CFC-9251-FF750432FB21}.Debug|Any CPU.ActiveCfg = Debug|Any CPU
		{021A5DAB-49D9-4CFC-9251-FF750432FB21}.Debug|Any CPU.Build.0 = Debug|Any CPU
		{021A5DAB-49D9-4CFC-9251-FF750432FB21}.Release|Any CPU.ActiveCfg = Release|Any CPU
		{021A5DAB-49D9-4CFC-9251-FF750432FB21}.Release|Any CPU.Build.0 = Release|Any CPU
		{06E816C8-6372-487C-BED1-B62E29AF9BA8}.Debug|Any CPU.ActiveCfg = Debug|Any CPU
		{06E816C8-6372-487C-BED1-B62E29AF9BA8}.Debug|Any CPU.Build.0 = Debug|Any CPU
		{06E816C8-6372-487C-BED1-B62E29AF9BA8}.Release|Any CPU.ActiveCfg = Release|Any CPU
		{06E816C8-6372-487C-BED1-B62E29AF9BA8}.Release|Any CPU.Build.0 = Release|Any CPU
		{30B6FC63-33B2-48A3-ACF7-2B09CAFBD247}.Debug|Any CPU.ActiveCfg = Debug|Any CPU
		{30B6FC63-33B2-48A3-ACF7-2B09CAFBD247}.Debug|Any CPU.Build.0 = Debug|Any CPU
		{30B6FC63-33B2-48A3-ACF7-2B09CAFBD247}.Release|Any CPU.ActiveCfg = Release|Any CPU
		{30B6FC63-33B2-48A3-ACF7-2B09CAFBD247}.Release|Any CPU.Build.0 = Release|Any CPU
		{E6A18487-515F-4530-81EF-9FD89B43AACF}.Debug|Any CPU.ActiveCfg = Debug|Any CPU
		{E6A18487-515F-4530-81EF-9FD89B43AACF}.Debug|Any CPU.Build.0 = Debug|Any CPU
		{E6A18487-515F-4530-81EF-9FD89B43AACF}.Release|Any CPU.ActiveCfg = Release|Any CPU
		{E6A18487-515F-4530-81EF-9FD89B43AACF}.Release|Any CPU.Build.0 = Release|Any CPU
		{581CB733-5D0A-4017-81CA-D0963349DEEF}.Debug|Any CPU.ActiveCfg = Debug|Any CPU
		{581CB733-5D0A-4017-81CA-D0963349DEEF}.Debug|Any CPU.Build.0 = Debug|Any CPU
		{581CB733-5D0A-4017-81CA-D0963349DEEF}.Release|Any CPU.ActiveCfg = Release|Any CPU
		{581CB733-5D0A-4017-81CA-D0963349DEEF}.Release|Any CPU.Build.0 = Release|Any CPU
	EndGlobalSection
	GlobalSection(SolutionProperties) = preSolution
		HideSolutionNode = FALSE
	EndGlobalSection
	GlobalSection(NestedProjects) = preSolution
		{A976A2DA-C1B7-4AAD-8EDE-D629514FDA45} = {41354B8D-5E13-42A2-9F7F-AFDF3D078057}
		{3D3DB18B-63FB-4420-B37F-506BF1AE86C3} = {41354B8D-5E13-42A2-9F7F-AFDF3D078057}
		{65787B7A-42B7-461B-9DCF-BD4CE8D842FB} = {3D3DB18B-63FB-4420-B37F-506BF1AE86C3}
		{27CF782C-4178-44B6-9D97-3F87D146C045} = {3D3DB18B-63FB-4420-B37F-506BF1AE86C3}
		{021A5DAB-49D9-4CFC-9251-FF750432FB21} = {A976A2DA-C1B7-4AAD-8EDE-D629514FDA45}
		{06E816C8-6372-487C-BED1-B62E29AF9BA8} = {A976A2DA-C1B7-4AAD-8EDE-D629514FDA45}
		{30B6FC63-33B2-48A3-ACF7-2B09CAFBD247} = {5048F498-9713-4B2C-9EA8-7041AA9E2274}
		{9513D367-5437-4DA5-9A88-CAE5FECF3E73} = {E3BF3F0C-5147-46F9-A561-67D16627A9CD}
		{E6A18487-515F-4530-81EF-9FD89B43AACF} = {E3BF3F0C-5147-46F9-A561-67D16627A9CD}
		{581CB733-5D0A-4017-81CA-D0963349DEEF} = {9513D367-5437-4DA5-9A88-CAE5FECF3E73}
	EndGlobalSection
	GlobalSection(ExtensibilityGlobals) = postSolution
		EnterpriseLibraryConfigurationToolBinariesPathV6 = packages\EnterpriseLibrary.Common.6.0.1304.0\lib\NET45;packages\EnterpriseLibrary.Data.6.0.1304.0\lib\NET45
	EndGlobalSection
EndGlobal
